
Microsoft Visual Studio Solution File, Format Version 12.00
# Visual Studio Version 17
VisualStudioVersion = 17.3.32901.215
MinimumVisualStudioVersion = 10.0.40219.1
Project("{9A19103F-16F7-4668-BE54-9A1E7A4F7556}") = "ZADACHA1", "ZADACHA1\ZADACHA1.csproj", "{97D61284-9006-40AE-8730-10979712D880}"
EndProject
Project("{FAE04EC0-301F-11D3-BF4B-00C04F79EFBC}") = "ZADACHA2", "ZADACHA2\ZADACHA2.csproj", "{0CFD4F4D-D27B-4DCF-A50A-FAD34A9A2BF9}"
EndProject
Global
	GlobalSection(SolutionConfigurationPlatforms) = preSolution
		Debug|Any CPU = Debug|Any CPU
		Release|Any CPU = Release|Any CPU
	EndGlobalSection
	GlobalSection(ProjectConfigurationPlatforms) = postSolution
		{97D61284-9006-40AE-8730-10979712D880}.Debug|Any CPU.ActiveCfg = Debug|Any CPU
		{97D61284-9006-40AE-8730-10979712D880}.Debug|Any CPU.Build.0 = Debug|Any CPU
		{97D61284-9006-40AE-8730-10979712D880}.Release|Any CPU.ActiveCfg = Release|Any CPU
		{97D61284-9006-40AE-8730-10979712D880}.Release|Any CPU.Build.0 = Release|Any CPU
		{0CFD4F4D-D27B-4DCF-A50A-FAD34A9A2BF9}.Debug|Any CPU.ActiveCfg = Debug|Any CPU
		{0CFD4F4D-D27B-4DCF-A50A-FAD34A9A2BF9}.Debug|Any CPU.Build.0 = Debug|Any CPU
		{0CFD4F4D-D27B-4DCF-A50A-FAD34A9A2BF9}.Release|Any CPU.ActiveCfg = Release|Any CPU
		{0CFD4F4D-D27B-4DCF-A50A-FAD34A9A2BF9}.Release|Any CPU.Build.0 = Release|Any CPU
	EndGlobalSection
	GlobalSection(SolutionProperties) = preSolution
		HideSolutionNode = FALSE
	EndGlobalSection
	GlobalSection(ExtensibilityGlobals) = postSolution
		SolutionGuid = {1F73BCF3-141C-47D4-8FF3-4E9F91008F6F}
	EndGlobalSection
EndGlobal
