
Microsoft Visual Studio Solution File, Format Version 12.00
# Visual Studio Version 17
VisualStudioVersion = 17.3.32901.215
MinimumVisualStudioVersion = 10.0.40219.1
Project("{FAE04EC0-301F-11D3-BF4B-00C04F79EFBC}") = "ZADACHA1", "ZADACHA1\ZADACHA1.csproj", "{C370CC97-1D03-4D81-817C-7661F6A73828}"
EndProject
Project("{FAE04EC0-301F-11D3-BF4B-00C04F79EFBC}") = "ZADACHA2", "ZADACHA2\ZADACHA2.csproj", "{979CDAE2-2E7D-463B-AC68-7F36C5F49FA8}"
EndProject
Project("{FAE04EC0-301F-11D3-BF4B-00C04F79EFBC}") = "ZADACHA3", "ZADACHA3\ZADACHA3.csproj", "{40E72451-6FED-46D4-9F73-3DE83A4EF3B4}"
EndProject
Project("{FAE04EC0-301F-11D3-BF4B-00C04F79EFBC}") = "ZADACHA4", "ZADACHA4\ZADACHA4.csproj", "{E087E2BE-FE5A-4436-B2C3-C3DDC2D7E0D7}"
EndProject
Project("{FAE04EC0-301F-11D3-BF4B-00C04F79EFBC}") = "ZADACHA5", "ZADACHA5\ZADACHA5.csproj", "{048FD96E-AA28-46AB-82B9-0F80CF6B58C9}"
EndProject
Project("{FAE04EC0-301F-11D3-BF4B-00C04F79EFBC}") = "ZADACHA6", "ZADACHA6\ZADACHA6.csproj", "{C5EB41D8-4A00-4E39-A402-4B7E3E6EB9F3}"
EndProject
Project("{FAE04EC0-301F-11D3-BF4B-00C04F79EFBC}") = "ZADACHA7", "ZADACHA7\ZADACHA7.csproj", "{27175176-050A-448E-B18A-9EAD87F47FBF}"
EndProject
Project("{FAE04EC0-301F-11D3-BF4B-00C04F79EFBC}") = "ZADACHA8", "ZADACHA8\ZADACHA8.csproj", "{46B19A6C-DFD1-40F0-949F-493DB1655EF6}"
EndProject
Global
	GlobalSection(SolutionConfigurationPlatforms) = preSolution
		Debug|Any CPU = Debug|Any CPU
		Release|Any CPU = Release|Any CPU
	EndGlobalSection
	GlobalSection(ProjectConfigurationPlatforms) = postSolution
		{C370CC97-1D03-4D81-817C-7661F6A73828}.Debug|Any CPU.ActiveCfg = Debug|Any CPU
		{C370CC97-1D03-4D81-817C-7661F6A73828}.Debug|Any CPU.Build.0 = Debug|Any CPU
		{C370CC97-1D03-4D81-817C-7661F6A73828}.Release|Any CPU.ActiveCfg = Release|Any CPU
		{C370CC97-1D03-4D81-817C-7661F6A73828}.Release|Any CPU.Build.0 = Release|Any CPU
		{979CDAE2-2E7D-463B-AC68-7F36C5F49FA8}.Debug|Any CPU.ActiveCfg = Debug|Any CPU
		{979CDAE2-2E7D-463B-AC68-7F36C5F49FA8}.Debug|Any CPU.Build.0 = Debug|Any CPU
		{979CDAE2-2E7D-463B-AC68-7F36C5F49FA8}.Release|Any CPU.ActiveCfg = Release|Any CPU
		{979CDAE2-2E7D-463B-AC68-7F36C5F49FA8}.Release|Any CPU.Build.0 = Release|Any CPU
		{40E72451-6FED-46D4-9F73-3DE83A4EF3B4}.Debug|Any CPU.ActiveCfg = Debug|Any CPU
		{40E72451-6FED-46D4-9F73-3DE83A4EF3B4}.Debug|Any CPU.Build.0 = Debug|Any CPU
		{40E72451-6FED-46D4-9F73-3DE83A4EF3B4}.Release|Any CPU.ActiveCfg = Release|Any CPU
		{40E72451-6FED-46D4-9F73-3DE83A4EF3B4}.Release|Any CPU.Build.0 = Release|Any CPU
		{E087E2BE-FE5A-4436-B2C3-C3DDC2D7E0D7}.Debug|Any CPU.ActiveCfg = Debug|Any CPU
		{E087E2BE-FE5A-4436-B2C3-C3DDC2D7E0D7}.Debug|Any CPU.Build.0 = Debug|Any CPU
		{E087E2BE-FE5A-4436-B2C3-C3DDC2D7E0D7}.Release|Any CPU.ActiveCfg = Release|Any CPU
		{E087E2BE-FE5A-4436-B2C3-C3DDC2D7E0D7}.Release|Any CPU.Build.0 = Release|Any CPU
		{048FD96E-AA28-46AB-82B9-0F80CF6B58C9}.Debug|Any CPU.ActiveCfg = Debug|Any CPU
		{048FD96E-AA28-46AB-82B9-0F80CF6B58C9}.Debug|Any CPU.Build.0 = Debug|Any CPU
		{048FD96E-AA28-46AB-82B9-0F80CF6B58C9}.Release|Any CPU.ActiveCfg = Release|Any CPU
		{048FD96E-AA28-46AB-82B9-0F80CF6B58C9}.Release|Any CPU.Build.0 = Release|Any CPU
		{C5EB41D8-4A00-4E39-A402-4B7E3E6EB9F3}.Debug|Any CPU.ActiveCfg = Debug|Any CPU
		{C5EB41D8-4A00-4E39-A402-4B7E3E6EB9F3}.Debug|Any CPU.Build.0 = Debug|Any CPU
		{C5EB41D8-4A00-4E39-A402-4B7E3E6EB9F3}.Release|Any CPU.ActiveCfg = Release|Any CPU
		{C5EB41D8-4A00-4E39-A402-4B7E3E6EB9F3}.Release|Any CPU.Build.0 = Release|Any CPU
		{27175176-050A-448E-B18A-9EAD87F47FBF}.Debug|Any CPU.ActiveCfg = Debug|Any CPU
		{27175176-050A-448E-B18A-9EAD87F47FBF}.Debug|Any CPU.Build.0 = Debug|Any CPU
		{27175176-050A-448E-B18A-9EAD87F47FBF}.Release|Any CPU.ActiveCfg = Release|Any CPU
		{27175176-050A-448E-B18A-9EAD87F47FBF}.Release|Any CPU.Build.0 = Release|Any CPU
		{46B19A6C-DFD1-40F0-949F-493DB1655EF6}.Debug|Any CPU.ActiveCfg = Debug|Any CPU
		{46B19A6C-DFD1-40F0-949F-493DB1655EF6}.Debug|Any CPU.Build.0 = Debug|Any CPU
		{46B19A6C-DFD1-40F0-949F-493DB1655EF6}.Release|Any CPU.ActiveCfg = Release|Any CPU
		{46B19A6C-DFD1-40F0-949F-493DB1655EF6}.Release|Any CPU.Build.0 = Release|Any CPU
	EndGlobalSection
	GlobalSection(SolutionProperties) = preSolution
		HideSolutionNode = FALSE
	EndGlobalSection
	GlobalSection(ExtensibilityGlobals) = postSolution
		SolutionGuid = {B76B1F0D-887B-402A-8515-930C760A80F6}
	EndGlobalSection
EndGlobal
