
Microsoft Visual Studio Solution File, Format Version 12.00
# Visual Studio Version 17
VisualStudioVersion = 17.3.32901.215
MinimumVisualStudioVersion = 10.0.40219.1
Project("{FAE04EC0-301F-11D3-BF4B-00C04F79EFBC}") = "ZADACHA1", "ZADACHA1\ZADACHA1.csproj", "{98B1090F-82E3-49F1-9908-0E5D853BDA0D}"
EndProject
Project("{FAE04EC0-301F-11D3-BF4B-00C04F79EFBC}") = "ZADACHA2", "ZADACHA2\ZADACHA2.csproj", "{DF29621E-0887-46F4-BB43-61119043C87D}"
EndProject
Project("{FAE04EC0-301F-11D3-BF4B-00C04F79EFBC}") = "ZADACHA3", "ZADACHA3\ZADACHA3.csproj", "{80A37C97-8D35-4017-9E41-E52F817B10D2}"
EndProject
Project("{FAE04EC0-301F-11D3-BF4B-00C04F79EFBC}") = "ZADACHA4", "ZADACHA4\ZADACHA4.csproj", "{5614FAC0-95C5-4788-8DCA-3FCEFEBA705F}"
EndProject
Global
	GlobalSection(SolutionConfigurationPlatforms) = preSolution
		Debug|Any CPU = Debug|Any CPU
		Release|Any CPU = Release|Any CPU
	EndGlobalSection
	GlobalSection(ProjectConfigurationPlatforms) = postSolution
		{98B1090F-82E3-49F1-9908-0E5D853BDA0D}.Debug|Any CPU.ActiveCfg = Debug|Any CPU
		{98B1090F-82E3-49F1-9908-0E5D853BDA0D}.Debug|Any CPU.Build.0 = Debug|Any CPU
		{98B1090F-82E3-49F1-9908-0E5D853BDA0D}.Release|Any CPU.ActiveCfg = Release|Any CPU
		{98B1090F-82E3-49F1-9908-0E5D853BDA0D}.Release|Any CPU.Build.0 = Release|Any CPU
		{DF29621E-0887-46F4-BB43-61119043C87D}.Debug|Any CPU.ActiveCfg = Debug|Any CPU
		{DF29621E-0887-46F4-BB43-61119043C87D}.Debug|Any CPU.Build.0 = Debug|Any CPU
		{DF29621E-0887-46F4-BB43-61119043C87D}.Release|Any CPU.ActiveCfg = Release|Any CPU
		{DF29621E-0887-46F4-BB43-61119043C87D}.Release|Any CPU.Build.0 = Release|Any CPU
		{80A37C97-8D35-4017-9E41-E52F817B10D2}.Debug|Any CPU.ActiveCfg = Debug|Any CPU
		{80A37C97-8D35-4017-9E41-E52F817B10D2}.Debug|Any CPU.Build.0 = Debug|Any CPU
		{80A37C97-8D35-4017-9E41-E52F817B10D2}.Release|Any CPU.ActiveCfg = Release|Any CPU
		{80A37C97-8D35-4017-9E41-E52F817B10D2}.Release|Any CPU.Build.0 = Release|Any CPU
		{5614FAC0-95C5-4788-8DCA-3FCEFEBA705F}.Debug|Any CPU.ActiveCfg = Debug|Any CPU
		{5614FAC0-95C5-4788-8DCA-3FCEFEBA705F}.Debug|Any CPU.Build.0 = Debug|Any CPU
		{5614FAC0-95C5-4788-8DCA-3FCEFEBA705F}.Release|Any CPU.ActiveCfg = Release|Any CPU
		{5614FAC0-95C5-4788-8DCA-3FCEFEBA705F}.Release|Any CPU.Build.0 = Release|Any CPU
	EndGlobalSection
	GlobalSection(SolutionProperties) = preSolution
		HideSolutionNode = FALSE
	EndGlobalSection
	GlobalSection(ExtensibilityGlobals) = postSolution
		SolutionGuid = {69837129-F694-49A9-A282-47B9BB2DCB0F}
	EndGlobalSection
EndGlobal
