
Microsoft Visual Studio Solution File, Format Version 12.00
# Visual Studio Version 17
VisualStudioVersion = 17.3.32901.215
MinimumVisualStudioVersion = 10.0.40219.1
Project("{FAE04EC0-301F-11D3-BF4B-00C04F79EFBC}") = "ZADACHA1", "ZADACHA1\ZADACHA1.csproj", "{F38DB510-63D2-42F8-979B-9D34DDDCA302}"
EndProject
Global
	GlobalSection(SolutionConfigurationPlatforms) = preSolution
		Debug|Any CPU = Debug|Any CPU
		Release|Any CPU = Release|Any CPU
	EndGlobalSection
	GlobalSection(ProjectConfigurationPlatforms) = postSolution
		{F38DB510-63D2-42F8-979B-9D34DDDCA302}.Debug|Any CPU.ActiveCfg = Debug|Any CPU
		{F38DB510-63D2-42F8-979B-9D34DDDCA302}.Debug|Any CPU.Build.0 = Debug|Any CPU
		{F38DB510-63D2-42F8-979B-9D34DDDCA302}.Release|Any CPU.ActiveCfg = Release|Any CPU
		{F38DB510-63D2-42F8-979B-9D34DDDCA302}.Release|Any CPU.Build.0 = Release|Any CPU
	EndGlobalSection
	GlobalSection(SolutionProperties) = preSolution
		HideSolutionNode = FALSE
	EndGlobalSection
	GlobalSection(ExtensibilityGlobals) = postSolution
		SolutionGuid = {518BFEA5-5008-4851-AA26-CF79FE4C81AB}
	EndGlobalSection
EndGlobal
