
Microsoft Visual Studio Solution File, Format Version 12.00
# Visual Studio Version 17
VisualStudioVersion = 17.3.32901.215
MinimumVisualStudioVersion = 10.0.40219.1
Project("{9A19103F-16F7-4668-BE54-9A1E7A4F7556}") = "ZADACHA1", "ZADACHA1\ZADACHA1.csproj", "{66835EC4-CBB2-452B-B91A-D90D051B264C}"
EndProject
Project("{FAE04EC0-301F-11D3-BF4B-00C04F79EFBC}") = "ZADACHA2", "ZADACHA2\ZADACHA2.csproj", "{287053D2-96CF-4ECF-877A-B74E15BF3972}"
EndProject
Project("{FAE04EC0-301F-11D3-BF4B-00C04F79EFBC}") = "ZADACHA3", "ZADACHA3\ZADACHA3.csproj", "{472DE140-752E-4A8F-A480-58447667AE84}"
EndProject
Project("{FAE04EC0-301F-11D3-BF4B-00C04F79EFBC}") = "ZADACHA4", "ZADACHA4\ZADACHA4.csproj", "{882AF765-984A-4E8F-A9FC-CDA58F9D5578}"
EndProject
Global
	GlobalSection(SolutionConfigurationPlatforms) = preSolution
		Debug|Any CPU = Debug|Any CPU
		Release|Any CPU = Release|Any CPU
	EndGlobalSection
	GlobalSection(ProjectConfigurationPlatforms) = postSolution
		{66835EC4-CBB2-452B-B91A-D90D051B264C}.Debug|Any CPU.ActiveCfg = Debug|Any CPU
		{66835EC4-CBB2-452B-B91A-D90D051B264C}.Debug|Any CPU.Build.0 = Debug|Any CPU
		{66835EC4-CBB2-452B-B91A-D90D051B264C}.Release|Any CPU.ActiveCfg = Release|Any CPU
		{66835EC4-CBB2-452B-B91A-D90D051B264C}.Release|Any CPU.Build.0 = Release|Any CPU
		{287053D2-96CF-4ECF-877A-B74E15BF3972}.Debug|Any CPU.ActiveCfg = Debug|Any CPU
		{287053D2-96CF-4ECF-877A-B74E15BF3972}.Debug|Any CPU.Build.0 = Debug|Any CPU
		{287053D2-96CF-4ECF-877A-B74E15BF3972}.Release|Any CPU.ActiveCfg = Release|Any CPU
		{287053D2-96CF-4ECF-877A-B74E15BF3972}.Release|Any CPU.Build.0 = Release|Any CPU
		{472DE140-752E-4A8F-A480-58447667AE84}.Debug|Any CPU.ActiveCfg = Debug|Any CPU
		{472DE140-752E-4A8F-A480-58447667AE84}.Debug|Any CPU.Build.0 = Debug|Any CPU
		{472DE140-752E-4A8F-A480-58447667AE84}.Release|Any CPU.ActiveCfg = Release|Any CPU
		{472DE140-752E-4A8F-A480-58447667AE84}.Release|Any CPU.Build.0 = Release|Any CPU
		{882AF765-984A-4E8F-A9FC-CDA58F9D5578}.Debug|Any CPU.ActiveCfg = Debug|Any CPU
		{882AF765-984A-4E8F-A9FC-CDA58F9D5578}.Debug|Any CPU.Build.0 = Debug|Any CPU
		{882AF765-984A-4E8F-A9FC-CDA58F9D5578}.Release|Any CPU.ActiveCfg = Release|Any CPU
		{882AF765-984A-4E8F-A9FC-CDA58F9D5578}.Release|Any CPU.Build.0 = Release|Any CPU
	EndGlobalSection
	GlobalSection(SolutionProperties) = preSolution
		HideSolutionNode = FALSE
	EndGlobalSection
	GlobalSection(ExtensibilityGlobals) = postSolution
		SolutionGuid = {4BA2F1F7-6574-4233-883C-B8C164C727D6}
	EndGlobalSection
EndGlobal
